
Microsoft Visual Studio Solution File, Format Version 12.00
# Visual Studio Version 17
VisualStudioVersion = 17.1.32328.378
MinimumVisualStudioVersion = 10.0.40219.1
Project("{FAE04EC0-301F-11D3-BF4B-00C04F79EFBC}") = "PMS", "PMS\PMS.csproj", "{03C51420-4484-487B-B1ED-5B1F51C100EE}"
EndProject
Global
	GlobalSection(SolutionConfigurationPlatforms) = preSolution
		Debug|Any CPU = Debug|Any CPU
		Release|Any CPU = Release|Any CPU
	EndGlobalSection
	GlobalSection(ProjectConfigurationPlatforms) = postSolution
		{03C51420-4484-487B-B1ED-5B1F51C100EE}.Debug|Any CPU.ActiveCfg = Debug|Any CPU
		{03C51420-4484-487B-B1ED-5B1F51C100EE}.Debug|Any CPU.Build.0 = Debug|Any CPU
		{03C51420-4484-487B-B1ED-5B1F51C100EE}.Release|Any CPU.ActiveCfg = Release|Any CPU
		{03C51420-4484-487B-B1ED-5B1F51C100EE}.Release|Any CPU.Build.0 = Release|Any CPU
	EndGlobalSection
	GlobalSection(SolutionProperties) = preSolution
		HideSolutionNode = FALSE
	EndGlobalSection
	GlobalSection(ExtensibilityGlobals) = postSolution
		SolutionGuid = {900FF0B5-60FC-45D0-94E9-C0F80C8EE601}
	EndGlobalSection
EndGlobal
